
Microsoft Visual Studio Solution File, Format Version 12.00
# Visual Studio Version 16
VisualStudioVersion = 16.0.29409.12
MinimumVisualStudioVersion = 10.0.40219.1
Project("{FAE04EC0-301F-11D3-BF4B-00C04F79EFBC}") = "MusicHub", "MusicHub.csproj", "{625DF067-9A4F-4E52-BB2F-7689248F7AA1}"
EndProject
Global
	GlobalSection(SolutionConfigurationPlatforms) = preSolution
		Debug|Any CPU = Debug|Any CPU
		Release|Any CPU = Release|Any CPU
	EndGlobalSection
	GlobalSection(ProjectConfigurationPlatforms) = postSolution
		{625DF067-9A4F-4E52-BB2F-7689248F7AA1}.Debug|Any CPU.ActiveCfg = Debug|Any CPU
		{625DF067-9A4F-4E52-BB2F-7689248F7AA1}.Debug|Any CPU.Build.0 = Debug|Any CPU
		{625DF067-9A4F-4E52-BB2F-7689248F7AA1}.Release|Any CPU.ActiveCfg = Release|Any CPU
		{625DF067-9A4F-4E52-BB2F-7689248F7AA1}.Release|Any CPU.Build.0 = Release|Any CPU
	EndGlobalSection
	GlobalSection(SolutionProperties) = preSolution
		HideSolutionNode = FALSE
	EndGlobalSection
	GlobalSection(ExtensibilityGlobals) = postSolution
		SolutionGuid = {D4372DE1-DBDB-4883-97BE-BC61E37D3040}
	EndGlobalSection
EndGlobal
